<?xml version="1.0" encoding="utf-8"?>
<Project ToolsVersion="4.0" xmlns="http://schemas.microsoft.com/developer/msbuild/2003">
  <ItemGroup>
    <Filter Include="Source Files">
      <UniqueIdentifier>{4FC737F1-C7A5-4376-A066-2A32D752A2FF}</UniqueIdentifier>
      <Extensions>cpp;c;cc;cxx;def;odl;idl;hpj;bat;asm;asmx</Extensions>
    </Filter>
    <Filter Include="Header Files">
      <UniqueIdentifier>{93995380-89BD-4b04-88EB-625FBE52EBFB}</UniqueIdentifier>
      <Extensions>h;hh;hpp;hxx;hm;inl;inc;xsd</Extensions>
    </Filter>
    <Filter Include="Resource Files">
      <UniqueIdentifier>{67DA6AB6-F800-4c08-8B7A-83BB121AAD01}</UniqueIdentifier>
      <Extensions>rc;ico;cur;bmp;dlg;rc2;rct;bin;rgs;gif;jpg;jpeg;jpe;resx;tiff;tif;png;wav;mfcribbon-ms</Extensions>
    </Filter>
    <Filter Include="Header Files\bsdfs">
      <UniqueIdentifier>{d84f81e1-fda0-4253-83cd-739fae58e001}</UniqueIdentifier>
    </Filter>
    <Filter Include="Header Files\core">
      <UniqueIdentifier>{0f3a6975-39e8-46d1-8ab2-f9aec2ad3e09}</UniqueIdentifier>
    </Filter>
    <Filter Include="Header Files\cameras">
      <UniqueIdentifier>{1337621a-0666-4434-ba70-a907088bb784}</UniqueIdentifier>
    </Filter>
    <Filter Include="Header Files\integrators">
      <UniqueIdentifier>{78110d84-fe12-48d2-ba79-5dd5845ac559}</UniqueIdentifier>
    </Filter>
    <Filter Include="Header Files\materials">
      <UniqueIdentifier>{84a7b81f-2b1f-4690-af87-acd96ba591e8}</UniqueIdentifier>
    </Filter>
    <Filter Include="Header Files\lights">
      <UniqueIdentifier>{d2754f52-cbd5-482d-ac12-4ad73df819cd}</UniqueIdentifier>
    </Filter>
    <Filter Include="Header Files\renderers">
      <UniqueIdentifier>{9c39a2b4-f2b1-497b-92b9-aff68ffd45a6}</UniqueIdentifier>
    </Filter>
    <Filter Include="Header Files\objects">
      <UniqueIdentifier>{b3be8bcc-fb96-4e56-a4cb-fe78f8bfac1b}</UniqueIdentifier>
    </Filter>
    <Filter Include="Header Files\samplers">
      <UniqueIdentifier>{14e36407-6416-4b30-9649-1bd6a5af4a04}</UniqueIdentifier>
    </Filter>
    <Filter Include="Header Files\util">
      <UniqueIdentifier>{53a8dc14-863f-4e3b-848d-4774688f43fb}</UniqueIdentifier>
    </Filter>
    <Filter Include="Header Files\films">
      <UniqueIdentifier>{357f9f2b-fa4f-4131-9cb6-eb101f264867}</UniqueIdentifier>
    </Filter>
    <Filter Include="Header Files\filters">
      <UniqueIdentifier>{de8763af-2e55-4219-b88f-06819b08c520}</UniqueIdentifier>
    </Filter>
  </ItemGroup>
  <ItemGroup>
    <ClCompile Include="..\src\bbox.cpp">
      <Filter>Source Files</Filter>
    </ClCompile>
    <ClCompile Include="..\src\lambertian.cpp">
      <Filter>Source Files</Filter>
    </ClCompile>
    <ClCompile Include="..\src\main.cpp">
      <Filter>Source Files</Filter>
    </ClCompile>
    <ClCompile Include="..\src\object.cpp">
      <Filter>Source Files</Filter>
    </ClCompile>
    <ClCompile Include="..\src\pathtracer.cpp">
      <Filter>Source Files</Filter>
    </ClCompile>
    <ClCompile Include="..\src\ptintegrator.cpp">
      <Filter>Source Files</Filter>
    </ClCompile>
    <ClCompile Include="..\src\scene.cpp">
      <Filter>Source Files</Filter>
    </ClCompile>
    <ClCompile Include="..\src\sphere.cpp">
      <Filter>Source Files</Filter>
    </ClCompile>
    <ClCompile Include="..\src\simpleaggregrate.cpp">
      <Filter>Source Files</Filter>
    </ClCompile>
    <ClCompile Include="..\src\material.cpp">
      <Filter>Source Files</Filter>
    </ClCompile>
    <ClCompile Include="..\src\mattematerial.cpp">
      <Filter>Source Files</Filter>
    </ClCompile>
    <ClCompile Include="..\src\bsdftype.cpp">
      <Filter>Source Files</Filter>
    </ClCompile>
    <ClCompile Include="..\src\cosinesampler.cpp">
      <Filter>Source Files</Filter>
    </ClCompile>
    <ClCompile Include="..\src\perspectivecamera.cpp">
      <Filter>Source Files</Filter>
    </ClCompile>
    <ClCompile Include="..\src\uniformimagesampler.cpp">
      <Filter>Source Files</Filter>
    </ClCompile>
    <ClCompile Include="..\src\stratifiedimagesampler.cpp">
      <Filter>Source Files</Filter>
    </ClCompile>
    <ClCompile Include="..\src\film.cpp">
      <Filter>Source Files</Filter>
    </ClCompile>
    <ClCompile Include="..\src\trianglemesh.cpp">
      <Filter>Source Files</Filter>
    </ClCompile>
    <ClCompile Include="..\src\triangle.cpp">
      <Filter>Source Files</Filter>
    </ClCompile>
    <ClCompile Include="..\src\quad.cpp">
      <Filter>Source Files</Filter>
    </ClCompile>
    <ClCompile Include="..\src\intersection.cpp">
      <Filter>Source Files</Filter>
    </ClCompile>
    <ClCompile Include="..\src\quadlightsource.cpp">
      <Filter>Source Files</Filter>
    </ClCompile>
    <ClCompile Include="..\src\pointlightsource.cpp">
      <Filter>Source Files</Filter>
    </ClCompile>
    <ClCompile Include="..\src\quadlight.cpp">
      <Filter>Source Files</Filter>
    </ClCompile>
    <ClCompile Include="..\src\trianglemeshlight.cpp">
      <Filter>Source Files</Filter>
    </ClCompile>
    <ClCompile Include="..\src\fresneldielectric.cpp">
      <Filter>Source Files</Filter>
    </ClCompile>
    <ClCompile Include="..\src\mirrormaterial.cpp">
      <Filter>Source Files</Filter>
    </ClCompile>
  </ItemGroup>
  <ItemGroup>
    <ClInclude Include="..\src\app.h">
      <Filter>Header Files</Filter>
    </ClInclude>
    <ClInclude Include="..\src\appinfo.h">
      <Filter>Header Files</Filter>
    </ClInclude>
    <ClInclude Include="..\include\Tesla\bsdfs\bsdf.h">
      <Filter>Header Files\bsdfs</Filter>
    </ClInclude>
    <ClInclude Include="..\include\Tesla\bsdfs\lambertian.h">
      <Filter>Header Files\bsdfs</Filter>
    </ClInclude>
    <ClInclude Include="..\include\Tesla\core\core.h">
      <Filter>Header Files\core</Filter>
    </ClInclude>
    <ClInclude Include="..\include\Tesla\core\intersection.h">
      <Filter>Header Files\core</Filter>
    </ClInclude>
    <ClInclude Include="..\include\Tesla\core\randomizer.h">
      <Filter>Header Files\core</Filter>
    </ClInclude>
    <ClInclude Include="..\include\Tesla\core\ray.h">
      <Filter>Header Files\core</Filter>
    </ClInclude>
    <ClInclude Include="..\include\Tesla\core\scene.h">
      <Filter>Header Files\core</Filter>
    </ClInclude>
    <ClInclude Include="..\include\Tesla\core\spectrum.h">
      <Filter>Header Files\core</Filter>
    </ClInclude>
    <ClInclude Include="..\include\Tesla\cameras\camera.h">
      <Filter>Header Files\cameras</Filter>
    </ClInclude>
    <ClInclude Include="..\include\Tesla\integrators\integrator.h">
      <Filter>Header Files\integrators</Filter>
    </ClInclude>
    <ClInclude Include="..\include\Tesla\integrators\ptintegrator.h">
      <Filter>Header Files\integrators</Filter>
    </ClInclude>
    <ClInclude Include="..\include\Tesla\integrators\surfaceintegrator.h">
      <Filter>Header Files\integrators</Filter>
    </ClInclude>
    <ClInclude Include="..\include\Tesla\materials\material.h">
      <Filter>Header Files\materials</Filter>
    </ClInclude>
    <ClInclude Include="..\include\Tesla\lights\lights.h">
      <Filter>Header Files\lights</Filter>
    </ClInclude>
    <ClInclude Include="..\include\Tesla\renderers\pathtracer.h">
      <Filter>Header Files\renderers</Filter>
    </ClInclude>
    <ClInclude Include="..\include\Tesla\renderers\renderer.h">
      <Filter>Header Files\renderers</Filter>
    </ClInclude>
    <ClInclude Include="..\include\Tesla\objects\aggregrate.h">
      <Filter>Header Files\objects</Filter>
    </ClInclude>
    <ClInclude Include="..\include\Tesla\objects\bbox.h">
      <Filter>Header Files\objects</Filter>
    </ClInclude>
    <ClInclude Include="..\include\Tesla\objects\object.h">
      <Filter>Header Files\objects</Filter>
    </ClInclude>
    <ClInclude Include="..\include\Tesla\objects\objects.h">
      <Filter>Header Files\objects</Filter>
    </ClInclude>
    <ClInclude Include="..\include\Tesla\objects\sphere.h">
      <Filter>Header Files\objects</Filter>
    </ClInclude>
    <ClInclude Include="..\include\Tesla\objects\simpleaggregrate.h">
      <Filter>Header Files\objects</Filter>
    </ClInclude>
    <ClInclude Include="..\include\Tesla\materials\mattematerial.h">
      <Filter>Header Files\materials</Filter>
    </ClInclude>
    <ClInclude Include="..\include\Tesla\bsdfs\bsdftype.h">
      <Filter>Header Files\bsdfs</Filter>
    </ClInclude>
    <ClInclude Include="..\include\Tesla\util\logger.h">
      <Filter>Header Files\util</Filter>
    </ClInclude>
    <ClInclude Include="..\include\Tesla\samplers\sampler.h">
      <Filter>Header Files\samplers</Filter>
    </ClInclude>
    <ClInclude Include="..\include\Tesla\samplers\filmsample.h">
      <Filter>Header Files\samplers</Filter>
    </ClInclude>
    <ClInclude Include="..\include\Tesla\samplers\cosinesampler.h">
      <Filter>Header Files\samplers</Filter>
    </ClInclude>
    <ClInclude Include="..\include\Tesla\samplers\directionsampler.h">
      <Filter>Header Files\samplers</Filter>
    </ClInclude>
    <ClInclude Include="..\include\Tesla\cameras\perspectivecamera.h">
      <Filter>Header Files\cameras</Filter>
    </ClInclude>
    <ClInclude Include="..\include\Tesla\samplers\imagesample.h">
      <Filter>Header Files\samplers</Filter>
    </ClInclude>
    <ClInclude Include="..\include\Tesla\films\film.h">
      <Filter>Header Files\films</Filter>
    </ClInclude>
    <ClInclude Include="..\include\Tesla\samplers\imagesampler.h">
      <Filter>Header Files\samplers</Filter>
    </ClInclude>
    <ClInclude Include="..\include\Tesla\samplers\uniformimagesampler.h">
      <Filter>Header Files\samplers</Filter>
    </ClInclude>
    <ClInclude Include="..\include\Tesla\samplers\stratifiedimagesampler.h">
      <Filter>Header Files\samplers</Filter>
    </ClInclude>
    <ClInclude Include="..\include\Tesla\filters\filter.h">
      <Filter>Header Files\filters</Filter>
    </ClInclude>
    <ClInclude Include="..\include\Tesla\util\exr.h">
      <Filter>Header Files\util</Filter>
    </ClInclude>
    <ClInclude Include="..\include\Tesla\integrators\path.h">
      <Filter>Header Files\integrators</Filter>
    </ClInclude>
    <ClInclude Include="..\include\Tesla\samplers\sample.h">
      <Filter>Header Files\samplers</Filter>
    </ClInclude>
    <ClInclude Include="..\include\Tesla\util\imagewriter.h">
      <Filter>Header Files\util</Filter>
    </ClInclude>
    <ClInclude Include="..\include\Tesla\objects\triangle.h">
      <Filter>Header Files\objects</Filter>
    </ClInclude>
    <ClInclude Include="..\include\Tesla\objects\trianglemesh.h">
      <Filter>Header Files\objects</Filter>
    </ClInclude>
    <ClInclude Include="..\include\Tesla\objects\vertex.h">
      <Filter>Header Files\objects</Filter>
    </ClInclude>
    <ClInclude Include="..\include\Tesla\objects\quad.h">
      <Filter>Header Files\objects</Filter>
    </ClInclude>
    <ClInclude Include="..\include\Tesla\lights\lightsource.h">
      <Filter>Header Files\lights</Filter>
    </ClInclude>
    <ClInclude Include="..\include\Tesla\lights\quadlightsource.h">
      <Filter>Header Files\lights</Filter>
    </ClInclude>
    <ClInclude Include="..\include\Tesla\lights\quadlight.h">
      <Filter>Header Files\lights</Filter>
    </ClInclude>
    <ClInclude Include="..\include\Tesla\lights\pointlightsource.h">
      <Filter>Header Files\lights</Filter>
    </ClInclude>
    <ClInclude Include="..\include\Tesla\lights\trianglemeshlight.h">
      <Filter>Header Files\lights</Filter>
    </ClInclude>
    <ClInclude Include="..\include\Tesla\bsdfs\fresneldielectric.h">
      <Filter>Header Files\bsdfs</Filter>
    </ClInclude>
    <ClInclude Include="..\include\Tesla\materials\mirrormaterial.h">
      <Filter>Header Files\materials</Filter>
    </ClInclude>
    <ClInclude Include="..\include\Tesla\objects\objectmanager.h">
      <Filter>Header Files\objects</Filter>
    </ClInclude>
  </ItemGroup>
</Project>